
Microsoft Visual Studio Solution File, Format Version 12.00
# Visual Studio Version 17
VisualStudioVersion = 17.4.33213.308
MinimumVisualStudioVersion = 10.0.40219.1
Project("{FAE04EC0-301F-11D3-BF4B-00C04F79EFBC}") = "subasta", "subasta\subasta.csproj", "{59373C95-2C3C-440E-A44C-D3759F8E4D44}"
EndProject
Project("{FAE04EC0-301F-11D3-BF4B-00C04F79EFBC}") = "core", "core\core.csproj", "{05850448-666E-4453-BE03-BC4DABF39395}"
EndProject
Project("{FAE04EC0-301F-11D3-BF4B-00C04F79EFBC}") = "Infra", "Infra\Infra.csproj", "{79F27C11-668A-472D-99F2-44EE09BC16EC}"
EndProject
Global
	GlobalSection(SolutionConfigurationPlatforms) = preSolution
		Debug|Any CPU = Debug|Any CPU
		Release|Any CPU = Release|Any CPU
	EndGlobalSection
	GlobalSection(ProjectConfigurationPlatforms) = postSolution
		{59373C95-2C3C-440E-A44C-D3759F8E4D44}.Debug|Any CPU.ActiveCfg = Debug|Any CPU
		{59373C95-2C3C-440E-A44C-D3759F8E4D44}.Debug|Any CPU.Build.0 = Debug|Any CPU
		{59373C95-2C3C-440E-A44C-D3759F8E4D44}.Release|Any CPU.ActiveCfg = Release|Any CPU
		{59373C95-2C3C-440E-A44C-D3759F8E4D44}.Release|Any CPU.Build.0 = Release|Any CPU
		{05850448-666E-4453-BE03-BC4DABF39395}.Debug|Any CPU.ActiveCfg = Debug|Any CPU
		{05850448-666E-4453-BE03-BC4DABF39395}.Debug|Any CPU.Build.0 = Debug|Any CPU
		{05850448-666E-4453-BE03-BC4DABF39395}.Release|Any CPU.ActiveCfg = Release|Any CPU
		{05850448-666E-4453-BE03-BC4DABF39395}.Release|Any CPU.Build.0 = Release|Any CPU
		{79F27C11-668A-472D-99F2-44EE09BC16EC}.Debug|Any CPU.ActiveCfg = Debug|Any CPU
		{79F27C11-668A-472D-99F2-44EE09BC16EC}.Debug|Any CPU.Build.0 = Debug|Any CPU
		{79F27C11-668A-472D-99F2-44EE09BC16EC}.Release|Any CPU.ActiveCfg = Release|Any CPU
		{79F27C11-668A-472D-99F2-44EE09BC16EC}.Release|Any CPU.Build.0 = Release|Any CPU
	EndGlobalSection
	GlobalSection(SolutionProperties) = preSolution
		HideSolutionNode = FALSE
	EndGlobalSection
	GlobalSection(ExtensibilityGlobals) = postSolution
		SolutionGuid = {C114740B-490A-486E-BB33-88032FDDB17A}
	EndGlobalSection
EndGlobal
